// !$*UTF8*$!
{
	archiveVersion = 1;
	classes = {
	};
	objectVersion = 56;
	objects = {

/* Begin PBXBuildFile section */
		6DA65CE72C04A0CB00F20990 /* MoviesApp.swift in Sources */ = {isa = PBXBuildFile; fileRef = 6DA65CE62C04A0CB00F20990 /* MoviesApp.swift */; };
		6DA65CE92C04A0CB00F20990 /* MainTabView.swift in Sources */ = {isa = PBXBuildFile; fileRef = 6DA65CE82C04A0CB00F20990 /* MainTabView.swift */; };
		6DA65CEB2C04A0CC00F20990 /* Assets.xcassets in Resources */ = {isa = PBXBuildFile; fileRef = 6DA65CEA2C04A0CC00F20990 /* Assets.xcassets */; };
		6DA65CF82C04A0CD00F20990 /* MoviesTests.swift in Sources */ = {isa = PBXBuildFile; fileRef = 6DA65CF72C04A0CD00F20990 /* MoviesTests.swift */; };
		6DA65D022C04A0CD00F20990 /* MoviesUITests.swift in Sources */ = {isa = PBXBuildFile; fileRef = 6DA65D012C04A0CD00F20990 /* MoviesUITests.swift */; };
		6DA65D042C04A0CD00F20990 /* MoviesUITestsLaunchTests.swift in Sources */ = {isa = PBXBuildFile; fileRef = 6DA65D032C04A0CD00F20990 /* MoviesUITestsLaunchTests.swift */; };
		6DA65D142C04A2FA00F20990 /* Preview Assets.xcassets in Resources */ = {isa = PBXBuildFile; fileRef = 6DA65D132C04A2FA00F20990 /* Preview Assets.xcassets */; };
/* End PBXBuildFile section */

/* Begin PBXContainerItemProxy section */
		6DA65CF42C04A0CD00F20990 /* PBXContainerItemProxy */ = {
			isa = PBXContainerItemProxy;
			containerPortal = 6DA65CDB2C04A0CB00F20990 /* Project object */;
			proxyType = 1;
			remoteGlobalIDString = 6DA65CE22C04A0CB00F20990;
			remoteInfo = Movies;
		};
		6DA65CFE2C04A0CD00F20990 /* PBXContainerItemProxy */ = {
			isa = PBXContainerItemProxy;
			containerPortal = 6DA65CDB2C04A0CB00F20990 /* Project object */;
			proxyType = 1;
			remoteGlobalIDString = 6DA65CE22C04A0CB00F20990;
			remoteInfo = Movies;
		};
/* End PBXContainerItemProxy section */

/* Begin PBXFileReference section */
		6DA65CE32C04A0CB00F20990 /* Movies.app */ = {isa = PBXFileReference; explicitFileType = wrapper.application; includeInIndex = 0; path = Movies.app; sourceTree = BUILT_PRODUCTS_DIR; };
		6DA65CE62C04A0CB00F20990 /* MoviesApp.swift */ = {isa = PBXFileReference; lastKnownFileType = sourcecode.swift; path = MoviesApp.swift; sourceTree = "<group>"; };
		6DA65CE82C04A0CB00F20990 /* MainTabView.swift */ = {isa = PBXFileReference; lastKnownFileType = sourcecode.swift; path = MainTabView.swift; sourceTree = "<group>"; };
		6DA65CEA2C04A0CC00F20990 /* Assets.xcassets */ = {isa = PBXFileReference; lastKnownFileType = folder.assetcatalog; path = Assets.xcassets; sourceTree = "<group>"; };
		6DA65CF32C04A0CD00F20990 /* MoviesTests.xctest */ = {isa = PBXFileReference; explicitFileType = wrapper.cfbundle; includeInIndex = 0; path = MoviesTests.xctest; sourceTree = BUILT_PRODUCTS_DIR; };
		6DA65CF72C04A0CD00F20990 /* MoviesTests.swift */ = {isa = PBXFileReference; lastKnownFileType = sourcecode.swift; path = MoviesTests.swift; sourceTree = "<group>"; };
		6DA65CFD2C04A0CD00F20990 /* MoviesUITests.xctest */ = {isa = PBXFileReference; explicitFileType = wrapper.cfbundle; includeInIndex = 0; path = MoviesUITests.xctest; sourceTree = BUILT_PRODUCTS_DIR; };
		6DA65D012C04A0CD00F20990 /* MoviesUITests.swift */ = {isa = PBXFileReference; lastKnownFileType = sourcecode.swift; path = MoviesUITests.swift; sourceTree = "<group>"; };
		6DA65D032C04A0CD00F20990 /* MoviesUITestsLaunchTests.swift */ = {isa = PBXFileReference; lastKnownFileType = sourcecode.swift; path = MoviesUITestsLaunchTests.swift; sourceTree = "<group>"; };
		6DA65D132C04A2FA00F20990 /* Preview Assets.xcassets */ = {isa = PBXFileReference; lastKnownFileType = folder.assetcatalog; path = "Preview Assets.xcassets"; sourceTree = "<group>"; };
/* End PBXFileReference section */

/* Begin PBXFrameworksBuildPhase section */
		6DA65CE02C04A0CB00F20990 /* Frameworks */ = {
			isa = PBXFrameworksBuildPhase;
			buildActionMask = 2147483647;
			files = (
			);
			runOnlyForDeploymentPostprocessing = 0;
		};
		6DA65CF02C04A0CD00F20990 /* Frameworks */ = {
			isa = PBXFrameworksBuildPhase;
			buildActionMask = 2147483647;
			files = (
			);
			runOnlyForDeploymentPostprocessing = 0;
		};
		6DA65CFA2C04A0CD00F20990 /* Frameworks */ = {
			isa = PBXFrameworksBuildPhase;
			buildActionMask = 2147483647;
			files = (
			);
			runOnlyForDeploymentPostprocessing = 0;
		};
/* End PBXFrameworksBuildPhase section */

/* Begin PBXGroup section */
		6DA65CDA2C04A0CB00F20990 = {
			isa = PBXGroup;
			children = (
				6DA65CE52C04A0CB00F20990 /* Movies */,
				6DA65CF62C04A0CD00F20990 /* MoviesTests */,
				6DA65D002C04A0CD00F20990 /* MoviesUITests */,
				6DA65CE42C04A0CB00F20990 /* Products */,
			);
			sourceTree = "<group>";
		};
		6DA65CE42C04A0CB00F20990 /* Products */ = {
			isa = PBXGroup;
			children = (
				6DA65CE32C04A0CB00F20990 /* Movies.app */,
				6DA65CF32C04A0CD00F20990 /* MoviesTests.xctest */,
				6DA65CFD2C04A0CD00F20990 /* MoviesUITests.xctest */,
			);
			name = Products;
			sourceTree = "<group>";
		};
		6DA65CE52C04A0CB00F20990 /* Movies */ = {
			isa = PBXGroup;
			children = (
				6DA65D102C04A19900F20990 /* Core */,
				6DA65D162C04A46200F20990 /* Domain */,
				6DA65D172C04A47000F20990 /* Data */,
				6DA65D152C04A45800F20990 /* Presentation */,
				6DA65D112C04A1B700F20990 /* Resources */,
			);
			path = Movies;
			sourceTree = "<group>";
		};
		6DA65CF62C04A0CD00F20990 /* MoviesTests */ = {
			isa = PBXGroup;
			children = (
				6DA65CF72C04A0CD00F20990 /* MoviesTests.swift */,
			);
			path = MoviesTests;
			sourceTree = "<group>";
		};
		6DA65D002C04A0CD00F20990 /* MoviesUITests */ = {
			isa = PBXGroup;
			children = (
				6DA65D012C04A0CD00F20990 /* MoviesUITests.swift */,
				6DA65D032C04A0CD00F20990 /* MoviesUITestsLaunchTests.swift */,
			);
			path = MoviesUITests;
			sourceTree = "<group>";
		};
		6DA65D102C04A19900F20990 /* Core */ = {
			isa = PBXGroup;
			children = (
				6DA65CE62C04A0CB00F20990 /* MoviesApp.swift */,
			);
			path = Core;
			sourceTree = "<group>";
		};
		6DA65D112C04A1B700F20990 /* Resources */ = {
			isa = PBXGroup;
			children = (
				6DA65D122C04A2FA00F20990 /* Preview Content */,
				6DA65CEA2C04A0CC00F20990 /* Assets.xcassets */,
			);
			path = Resources;
			sourceTree = "<group>";
		};
		6DA65D122C04A2FA00F20990 /* Preview Content */ = {
			isa = PBXGroup;
			children = (
				6DA65D132C04A2FA00F20990 /* Preview Assets.xcassets */,
			);
			path = "Preview Content";
			sourceTree = "<group>";
		};
		6DA65D152C04A45800F20990 /* Presentation */ = {
			isa = PBXGroup;
			children = (
				6DA65CE82C04A0CB00F20990 /* MainTabView.swift */,
			);
			path = Presentation;
			sourceTree = "<group>";
		};
		6DA65D162C04A46200F20990 /* Domain */ = {
			isa = PBXGroup;
			children = (
			);
			path = Domain;
			sourceTree = "<group>";
		};
		6DA65D172C04A47000F20990 /* Data */ = {
			isa = PBXGroup;
			children = (
			);
			path = Data;
			sourceTree = "<group>";
		};
/* End PBXGroup section */

/* Begin PBXNativeTarget section */
		6DA65CE22C04A0CB00F20990 /* Movies */ = {
			isa = PBXNativeTarget;
			buildConfigurationList = 6DA65D072C04A0CD00F20990 /* Build configuration list for PBXNativeTarget "Movies" */;
			buildPhases = (
				6DA65CDF2C04A0CB00F20990 /* Sources */,
				6DA65CE02C04A0CB00F20990 /* Frameworks */,
				6DA65CE12C04A0CB00F20990 /* Resources */,
			);
			buildRules = (
			);
			dependencies = (
			);
			name = Movies;
			productName = Movies;
			productReference = 6DA65CE32C04A0CB00F20990 /* Movies.app */;
			productType = "com.apple.product-type.application";
		};
		6DA65CF22C04A0CD00F20990 /* MoviesTests */ = {
			isa = PBXNativeTarget;
			buildConfigurationList = 6DA65D0A2C04A0CD00F20990 /* Build configuration list for PBXNativeTarget "MoviesTests" */;
			buildPhases = (
				6DA65CEF2C04A0CD00F20990 /* Sources */,
				6DA65CF02C04A0CD00F20990 /* Frameworks */,
				6DA65CF12C04A0CD00F20990 /* Resources */,
			);
			buildRules = (
			);
			dependencies = (
				6DA65CF52C04A0CD00F20990 /* PBXTargetDependency */,
			);
			name = MoviesTests;
			productName = MoviesTests;
			productReference = 6DA65CF32C04A0CD00F20990 /* MoviesTests.xctest */;
			productType = "com.apple.product-type.bundle.unit-test";
		};
		6DA65CFC2C04A0CD00F20990 /* MoviesUITests */ = {
			isa = PBXNativeTarget;
			buildConfigurationList = 6DA65D0D2C04A0CD00F20990 /* Build configuration list for PBXNativeTarget "MoviesUITests" */;
			buildPhases = (
				6DA65CF92C04A0CD00F20990 /* Sources */,
				6DA65CFA2C04A0CD00F20990 /* Frameworks */,
				6DA65CFB2C04A0CD00F20990 /* Resources */,
			);
			buildRules = (
			);
			dependencies = (
				6DA65CFF2C04A0CD00F20990 /* PBXTargetDependency */,
			);
			name = MoviesUITests;
			productName = MoviesUITests;
			productReference = 6DA65CFD2C04A0CD00F20990 /* MoviesUITests.xctest */;
			productType = "com.apple.product-type.bundle.ui-testing";
		};
/* End PBXNativeTarget section */

/* Begin PBXProject section */
		6DA65CDB2C04A0CB00F20990 /* Project object */ = {
			isa = PBXProject;
			attributes = {
				BuildIndependentTargetsInParallel = 1;
				LastSwiftUpdateCheck = 1520;
				LastUpgradeCheck = 1520;
				TargetAttributes = {
					6DA65CE22C04A0CB00F20990 = {
						CreatedOnToolsVersion = 15.2;
					};
					6DA65CF22C04A0CD00F20990 = {
						CreatedOnToolsVersion = 15.2;
						TestTargetID = 6DA65CE22C04A0CB00F20990;
					};
					6DA65CFC2C04A0CD00F20990 = {
						CreatedOnToolsVersion = 15.2;
						TestTargetID = 6DA65CE22C04A0CB00F20990;
					};
				};
			};
			buildConfigurationList = 6DA65CDE2C04A0CB00F20990 /* Build configuration list for PBXProject "Movies" */;
			compatibilityVersion = "Xcode 14.0";
			developmentRegion = en;
			hasScannedForEncodings = 0;
			knownRegions = (
				en,
				Base,
			);
			mainGroup = 6DA65CDA2C04A0CB00F20990;
			productRefGroup = 6DA65CE42C04A0CB00F20990 /* Products */;
			projectDirPath = "";
			projectRoot = "";
			targets = (
				6DA65CE22C04A0CB00F20990 /* Movies */,
				6DA65CF22C04A0CD00F20990 /* MoviesTests */,
				6DA65CFC2C04A0CD00F20990 /* MoviesUITests */,
			);
		};
/* End PBXProject section */

/* Begin PBXResourcesBuildPhase section */
		6DA65CE12C04A0CB00F20990 /* Resources */ = {
			isa = PBXResourcesBuildPhase;
			buildActionMask = 2147483647;
			files = (
				6DA65D142C04A2FA00F20990 /* Preview Assets.xcassets in Resources */,
				6DA65CEB2C04A0CC00F20990 /* Assets.xcassets in Resources */,
			);
			runOnlyForDeploymentPostprocessing = 0;
		};
		6DA65CF12C04A0CD00F20990 /* Resources */ = {
			isa = PBXResourcesBuildPhase;
			buildActionMask = 2147483647;
			files = (
			);
			runOnlyForDeploymentPostprocessing = 0;
		};
		6DA65CFB2C04A0CD00F20990 /* Resources */ = {
			isa = PBXResourcesBuildPhase;
			buildActionMask = 2147483647;
			files = (
			);
			runOnlyForDeploymentPostprocessing = 0;
		};
/* End PBXResourcesBuildPhase section */

/* Begin PBXSourcesBuildPhase section */
		6DA65CDF2C04A0CB00F20990 /* Sources */ = {
			isa = PBXSourcesBuildPhase;
			buildActionMask = 2147483647;
			files = (
				6DA65CE92C04A0CB00F20990 /* MainTabView.swift in Sources */,
				6DA65CE72C04A0CB00F20990 /* MoviesApp.swift in Sources */,
			);
			runOnlyForDeploymentPostprocessing = 0;
		};
		6DA65CEF2C04A0CD00F20990 /* Sources */ = {
			isa = PBXSourcesBuildPhase;
			buildActionMask = 2147483647;
			files = (
				6DA65CF82C04A0CD00F20990 /* MoviesTests.swift in Sources */,
			);
			runOnlyForDeploymentPostprocessing = 0;
		};
		6DA65CF92C04A0CD00F20990 /* Sources */ = {
			isa = PBXSourcesBuildPhase;
			buildActionMask = 2147483647;
			files = (
				6DA65D022C04A0CD00F20990 /* MoviesUITests.swift in Sources */,
				6DA65D042C04A0CD00F20990 /* MoviesUITestsLaunchTests.swift in Sources */,
			);
			runOnlyForDeploymentPostprocessing = 0;
		};
/* End PBXSourcesBuildPhase section */

/* Begin PBXTargetDependency section */
		6DA65CF52C04A0CD00F20990 /* PBXTargetDependency */ = {
			isa = PBXTargetDependency;
			target = 6DA65CE22C04A0CB00F20990 /* Movies */;
			targetProxy = 6DA65CF42C04A0CD00F20990 /* PBXContainerItemProxy */;
		};
		6DA65CFF2C04A0CD00F20990 /* PBXTargetDependency */ = {
			isa = PBXTargetDependency;
			target = 6DA65CE22C04A0CB00F20990 /* Movies */;
			targetProxy = 6DA65CFE2C04A0CD00F20990 /* PBXContainerItemProxy */;
		};
/* End PBXTargetDependency section */

/* Begin XCBuildConfiguration section */
		6DA65D052C04A0CD00F20990 /* Debug */ = {
			isa = XCBuildConfiguration;
			buildSettings = {
				ALWAYS_SEARCH_USER_PATHS = NO;
				ASSETCATALOG_COMPILER_GENERATE_SWIFT_ASSET_SYMBOL_EXTENSIONS = YES;
				CLANG_ANALYZER_NONNULL = YES;
				CLANG_ANALYZER_NUMBER_OBJECT_CONVERSION = YES_AGGRESSIVE;
				CLANG_CXX_LANGUAGE_STANDARD = "gnu++20";
				CLANG_ENABLE_MODULES = YES;
				CLANG_ENABLE_OBJC_ARC = YES;
				CLANG_ENABLE_OBJC_WEAK = YES;
				CLANG_WARN_BLOCK_CAPTURE_AUTORELEASING = YES;
				CLANG_WARN_BOOL_CONVERSION = YES;
				CLANG_WARN_COMMA = YES;
				CLANG_WARN_CONSTANT_CONVERSION = YES;
				CLANG_WARN_DEPRECATED_OBJC_IMPLEMENTATIONS = YES;
				CLANG_WARN_DIRECT_OBJC_ISA_USAGE = YES_ERROR;
				CLANG_WARN_DOCUMENTATION_COMMENTS = YES;
				CLANG_WARN_EMPTY_BODY = YES;
				CLANG_WARN_ENUM_CONVERSION = YES;
				CLANG_WARN_INFINITE_RECURSION = YES;
				CLANG_WARN_INT_CONVERSION = YES;
				CLANG_WARN_NON_LITERAL_NULL_CONVERSION = YES;
				CLANG_WARN_OBJC_IMPLICIT_RETAIN_SELF = YES;
				CLANG_WARN_OBJC_LITERAL_CONVERSION = YES;
				CLANG_WARN_OBJC_ROOT_CLASS = YES_ERROR;
				CLANG_WARN_QUOTED_INCLUDE_IN_FRAMEWORK_HEADER = YES;
				CLANG_WARN_RANGE_LOOP_ANALYSIS = YES;
				CLANG_WARN_STRICT_PROTOTYPES = YES;
				CLANG_WARN_SUSPICIOUS_MOVE = YES;
				CLANG_WARN_UNGUARDED_AVAILABILITY = YES_AGGRESSIVE;
				CLANG_WARN_UNREACHABLE_CODE = YES;
				CLANG_WARN__DUPLICATE_METHOD_MATCH = YES;
				COPY_PHASE_STRIP = NO;
				DEBUG_INFORMATION_FORMAT = dwarf;
				ENABLE_STRICT_OBJC_MSGSEND = YES;
				ENABLE_TESTABILITY = YES;
				ENABLE_USER_SCRIPT_SANDBOXING = YES;
				GCC_C_LANGUAGE_STANDARD = gnu17;
				GCC_DYNAMIC_NO_PIC = NO;
				GCC_NO_COMMON_BLOCKS = YES;
				GCC_OPTIMIZATION_LEVEL = 0;
				GCC_PREPROCESSOR_DEFINITIONS = (
					"DEBUG=1",
					"$(inherited)",
				);
				GCC_WARN_64_TO_32_BIT_CONVERSION = YES;
				GCC_WARN_ABOUT_RETURN_TYPE = YES_ERROR;
				GCC_WARN_UNDECLARED_SELECTOR = YES;
				GCC_WARN_UNINITIALIZED_AUTOS = YES_AGGRESSIVE;
				GCC_WARN_UNUSED_FUNCTION = YES;
				GCC_WARN_UNUSED_VARIABLE = YES;
				IPHONEOS_DEPLOYMENT_TARGET = 17.2;
				LOCALIZATION_PREFERS_STRING_CATALOGS = YES;
				MTL_ENABLE_DEBUG_INFO = INCLUDE_SOURCE;
				MTL_FAST_MATH = YES;
				ONLY_ACTIVE_ARCH = YES;
				SDKROOT = iphoneos;
				SWIFT_ACTIVE_COMPILATION_CONDITIONS = "DEBUG $(inherited)";
				SWIFT_OPTIMIZATION_LEVEL = "-Onone";
			};
			name = Debug;
		};
		6DA65D062C04A0CD00F20990 /* Release */ = {
			isa = XCBuildConfiguration;
			buildSettings = {
				ALWAYS_SEARCH_USER_PATHS = NO;
				ASSETCATALOG_COMPILER_GENERATE_SWIFT_ASSET_SYMBOL_EXTENSIONS = YES;
				CLANG_ANALYZER_NONNULL = YES;
				CLANG_ANALYZER_NUMBER_OBJECT_CONVERSION = YES_AGGRESSIVE;
				CLANG_CXX_LANGUAGE_STANDARD = "gnu++20";
				CLANG_ENABLE_MODULES = YES;
				CLANG_ENABLE_OBJC_ARC = YES;
				CLANG_ENABLE_OBJC_WEAK = YES;
				CLANG_WARN_BLOCK_CAPTURE_AUTORELEASING = YES;
				CLANG_WARN_BOOL_CONVERSION = YES;
				CLANG_WARN_COMMA = YES;
				CLANG_WARN_CONSTANT_CONVERSION = YES;
				CLANG_WARN_DEPRECATED_OBJC_IMPLEMENTATIONS = YES;
				CLANG_WARN_DIRECT_OBJC_ISA_USAGE = YES_ERROR;
				CLANG_WARN_DOCUMENTATION_COMMENTS = YES;
				CLANG_WARN_EMPTY_BODY = YES;
				CLANG_WARN_ENUM_CONVERSION = YES;
				CLANG_WARN_INFINITE_RECURSION = YES;
				CLANG_WARN_INT_CONVERSION = YES;
				CLANG_WARN_NON_LITERAL_NULL_CONVERSION = YES;
				CLANG_WARN_OBJC_IMPLICIT_RETAIN_SELF = YES;
				CLANG_WARN_OBJC_LITERAL_CONVERSION = YES;
				CLANG_WARN_OBJC_ROOT_CLASS = YES_ERROR;
				CLANG_WARN_QUOTED_INCLUDE_IN_FRAMEWORK_HEADER = YES;
				CLANG_WARN_RANGE_LOOP_ANALYSIS = YES;
				CLANG_WARN_STRICT_PROTOTYPES = YES;
				CLANG_WARN_SUSPICIOUS_MOVE = YES;
				CLANG_WARN_UNGUARDED_AVAILABILITY = YES_AGGRESSIVE;
				CLANG_WARN_UNREACHABLE_CODE = YES;
				CLANG_WARN__DUPLICATE_METHOD_MATCH = YES;
				COPY_PHASE_STRIP = NO;
				DEBUG_INFORMATION_FORMAT = "dwarf-with-dsym";
				ENABLE_NS_ASSERTIONS = NO;
				ENABLE_STRICT_OBJC_MSGSEND = YES;
				ENABLE_USER_SCRIPT_SANDBOXING = YES;
				GCC_C_LANGUAGE_STANDARD = gnu17;
				GCC_NO_COMMON_BLOCKS = YES;
				GCC_WARN_64_TO_32_BIT_CONVERSION = YES;
				GCC_WARN_ABOUT_RETURN_TYPE = YES_ERROR;
				GCC_WARN_UNDECLARED_SELECTOR = YES;
				GCC_WARN_UNINITIALIZED_AUTOS = YES_AGGRESSIVE;
				GCC_WARN_UNUSED_FUNCTION = YES;
				GCC_WARN_UNUSED_VARIABLE = YES;
				IPHONEOS_DEPLOYMENT_TARGET = 17.2;
				LOCALIZATION_PREFERS_STRING_CATALOGS = YES;
				MTL_ENABLE_DEBUG_INFO = NO;
				MTL_FAST_MATH = YES;
				SDKROOT = iphoneos;
				SWIFT_COMPILATION_MODE = wholemodule;
				VALIDATE_PRODUCT = YES;
			};
			name = Release;
		};
		6DA65D082C04A0CD00F20990 /* Debug */ = {
			isa = XCBuildConfiguration;
			buildSettings = {
				ASSETCATALOG_COMPILER_APPICON_NAME = AppIcon;
				ASSETCATALOG_COMPILER_GLOBAL_ACCENT_COLOR_NAME = AccentColor;
				CODE_SIGN_STYLE = Automatic;
				CURRENT_PROJECT_VERSION = 1;
				DEVELOPMENT_ASSET_PATHS = "\"Movies/Resources/Preview Content\"";
				DEVELOPMENT_TEAM = 45S7VN2TT3;
				ENABLE_PREVIEWS = YES;
				GENERATE_INFOPLIST_FILE = YES;
				INFOPLIST_KEY_UIApplicationSceneManifest_Generation = YES;
				INFOPLIST_KEY_UIApplicationSupportsIndirectInputEvents = YES;
				INFOPLIST_KEY_UILaunchScreen_Generation = YES;
				INFOPLIST_KEY_UISupportedInterfaceOrientations_iPad = "UIInterfaceOrientationPortrait UIInterfaceOrientationPortraitUpsideDown UIInterfaceOrientationLandscapeLeft UIInterfaceOrientationLandscapeRight";
				INFOPLIST_KEY_UISupportedInterfaceOrientations_iPhone = "UIInterfaceOrientationPortrait UIInterfaceOrientationLandscapeLeft UIInterfaceOrientationLandscapeRight";
				LD_RUNPATH_SEARCH_PATHS = (
					"$(inherited)",
					"@executable_path/Frameworks",
				);
				MARKETING_VERSION = 1.0;
				PRODUCT_BUNDLE_IDENTIFIER = banquemisr.challenge05.Movies;
				PRODUCT_NAME = "$(TARGET_NAME)";
				SWIFT_EMIT_LOC_STRINGS = YES;
				SWIFT_VERSION = 5.0;
				TARGETED_DEVICE_FAMILY = "1,2";
			};
			name = Debug;
		};
		6DA65D092C04A0CD00F20990 /* Release */ = {
			isa = XCBuildConfiguration;
			buildSettings = {
				ASSETCATALOG_COMPILER_APPICON_NAME = AppIcon;
				ASSETCATALOG_COMPILER_GLOBAL_ACCENT_COLOR_NAME = AccentColor;
				CODE_SIGN_STYLE = Automatic;
				CURRENT_PROJECT_VERSION = 1;
				DEVELOPMENT_ASSET_PATHS = "\"Movies/Resources/Preview Content\"";
				DEVELOPMENT_TEAM = 45S7VN2TT3;
				ENABLE_PREVIEWS = YES;
				GENERATE_INFOPLIST_FILE = YES;
				INFOPLIST_KEY_UIApplicationSceneManifest_Generation = YES;
				INFOPLIST_KEY_UIApplicationSupportsIndirectInputEvents = YES;
				INFOPLIST_KEY_UILaunchScreen_Generation = YES;
				INFOPLIST_KEY_UISupportedInterfaceOrientations_iPad = "UIInterfaceOrientationPortrait UIInterfaceOrientationPortraitUpsideDown UIInterfaceOrientationLandscapeLeft UIInterfaceOrientationLandscapeRight";
				INFOPLIST_KEY_UISupportedInterfaceOrientations_iPhone = "UIInterfaceOrientationPortrait UIInterfaceOrientationLandscapeLeft UIInterfaceOrientationLandscapeRight";
				LD_RUNPATH_SEARCH_PATHS = (
					"$(inherited)",
					"@executable_path/Frameworks",
				);
				MARKETING_VERSION = 1.0;
				PRODUCT_BUNDLE_IDENTIFIER = banquemisr.challenge05.Movies;
				PRODUCT_NAME = "$(TARGET_NAME)";
				SWIFT_EMIT_LOC_STRINGS = YES;
				SWIFT_VERSION = 5.0;
				TARGETED_DEVICE_FAMILY = "1,2";
			};
			name = Release;
		};
		6DA65D0B2C04A0CD00F20990 /* Debug */ = {
			isa = XCBuildConfiguration;
			buildSettings = {
				ALWAYS_EMBED_SWIFT_STANDARD_LIBRARIES = YES;
				BUNDLE_LOADER = "$(TEST_HOST)";
				CODE_SIGN_STYLE = Automatic;
				CURRENT_PROJECT_VERSION = 1;
				DEVELOPMENT_TEAM = 45S7VN2TT3;
				GENERATE_INFOPLIST_FILE = YES;
				IPHONEOS_DEPLOYMENT_TARGET = 17.2;
				MARKETING_VERSION = 1.0;
				PRODUCT_BUNDLE_IDENTIFIER = banquemisr.challenge05.MoviesTests;
				PRODUCT_NAME = "$(TARGET_NAME)";
				SWIFT_EMIT_LOC_STRINGS = NO;
				SWIFT_VERSION = 5.0;
				TARGETED_DEVICE_FAMILY = "1,2";
				TEST_HOST = "$(BUILT_PRODUCTS_DIR)/Movies.app/$(BUNDLE_EXECUTABLE_FOLDER_PATH)/Movies";
			};
			name = Debug;
		};
		6DA65D0C2C04A0CD00F20990 /* Release */ = {
			isa = XCBuildConfiguration;
			buildSettings = {
				ALWAYS_EMBED_SWIFT_STANDARD_LIBRARIES = YES;
				BUNDLE_LOADER = "$(TEST_HOST)";
				CODE_SIGN_STYLE = Automatic;
				CURRENT_PROJECT_VERSION = 1;
				DEVELOPMENT_TEAM = 45S7VN2TT3;
				GENERATE_INFOPLIST_FILE = YES;
				IPHONEOS_DEPLOYMENT_TARGET = 17.2;
				MARKETING_VERSION = 1.0;
				PRODUCT_BUNDLE_IDENTIFIER = banquemisr.challenge05.MoviesTests;
				PRODUCT_NAME = "$(TARGET_NAME)";
				SWIFT_EMIT_LOC_STRINGS = NO;
				SWIFT_VERSION = 5.0;
				TARGETED_DEVICE_FAMILY = "1,2";
				TEST_HOST = "$(BUILT_PRODUCTS_DIR)/Movies.app/$(BUNDLE_EXECUTABLE_FOLDER_PATH)/Movies";
			};
			name = Release;
		};
		6DA65D0E2C04A0CD00F20990 /* Debug */ = {
			isa = XCBuildConfiguration;
			buildSettings = {
				ALWAYS_EMBED_SWIFT_STANDARD_LIBRARIES = YES;
				CODE_SIGN_STYLE = Automatic;
				CURRENT_PROJECT_VERSION = 1;
				DEVELOPMENT_TEAM = 45S7VN2TT3;
				GENERATE_INFOPLIST_FILE = YES;
				MARKETING_VERSION = 1.0;
				PRODUCT_BUNDLE_IDENTIFIER = banquemisr.challenge05.MoviesUITests;
				PRODUCT_NAME = "$(TARGET_NAME)";
				SWIFT_EMIT_LOC_STRINGS = NO;
				SWIFT_VERSION = 5.0;
				TARGETED_DEVICE_FAMILY = "1,2";
				TEST_TARGET_NAME = Movies;
			};
			name = Debug;
		};
		6DA65D0F2C04A0CD00F20990 /* Release */ = {
			isa = XCBuildConfiguration;
			buildSettings = {
				ALWAYS_EMBED_SWIFT_STANDARD_LIBRARIES = YES;
				CODE_SIGN_STYLE = Automatic;
				CURRENT_PROJECT_VERSION = 1;
				DEVELOPMENT_TEAM = 45S7VN2TT3;
				GENERATE_INFOPLIST_FILE = YES;
				MARKETING_VERSION = 1.0;
				PRODUCT_BUNDLE_IDENTIFIER = banquemisr.challenge05.MoviesUITests;
				PRODUCT_NAME = "$(TARGET_NAME)";
				SWIFT_EMIT_LOC_STRINGS = NO;
				SWIFT_VERSION = 5.0;
				TARGETED_DEVICE_FAMILY = "1,2";
				TEST_TARGET_NAME = Movies;
			};
			name = Release;
		};
/* End XCBuildConfiguration section */

/* Begin XCConfigurationList section */
		6DA65CDE2C04A0CB00F20990 /* Build configuration list for PBXProject "Movies" */ = {
			isa = XCConfigurationList;
			buildConfigurations = (
				6DA65D052C04A0CD00F20990 /* Debug */,
				6DA65D062C04A0CD00F20990 /* Release */,
			);
			defaultConfigurationIsVisible = 0;
			defaultConfigurationName = Release;
		};
		6DA65D072C04A0CD00F20990 /* Build configuration list for PBXNativeTarget "Movies" */ = {
			isa = XCConfigurationList;
			buildConfigurations = (
				6DA65D082C04A0CD00F20990 /* Debug */,
				6DA65D092C04A0CD00F20990 /* Release */,
			);
			defaultConfigurationIsVisible = 0;
			defaultConfigurationName = Release;
		};
		6DA65D0A2C04A0CD00F20990 /* Build configuration list for PBXNativeTarget "MoviesTests" */ = {
			isa = XCConfigurationList;
			buildConfigurations = (
				6DA65D0B2C04A0CD00F20990 /* Debug */,
				6DA65D0C2C04A0CD00F20990 /* Release */,
			);
			defaultConfigurationIsVisible = 0;
			defaultConfigurationName = Release;
		};
		6DA65D0D2C04A0CD00F20990 /* Build configuration list for PBXNativeTarget "MoviesUITests" */ = {
			isa = XCConfigurationList;
			buildConfigurations = (
				6DA65D0E2C04A0CD00F20990 /* Debug */,
				6DA65D0F2C04A0CD00F20990 /* Release */,
			);
			defaultConfigurationIsVisible = 0;
			defaultConfigurationName = Release;
		};
/* End XCConfigurationList section */
	};
	rootObject = 6DA65CDB2C04A0CB00F20990 /* Project object */;
}
